
Microsoft Visual Studio Solution File, Format Version 12.00
# Visual Studio 15
VisualStudioVersion = 15.0.27130.2027
MinimumVisualStudioVersion = 10.0.40219.1
Project("{FAE04EC0-301F-11D3-BF4B-00C04F79EFBC}") = "LaptopWebSite", "LaptopWebSite\LaptopWebSite.csproj", "{8A647424-85B9-4BFF-9919-256696266BB9}"
EndProject
Global
	GlobalSection(SolutionConfigurationPlatforms) = preSolution
		Debug|Any CPU = Debug|Any CPU
		Release|Any CPU = Release|Any CPU
	EndGlobalSection
	GlobalSection(ProjectConfigurationPlatforms) = postSolution
		{8A647424-85B9-4BFF-9919-256696266BB9}.Debug|Any CPU.ActiveCfg = Debug|Any CPU
		{8A647424-85B9-4BFF-9919-256696266BB9}.Debug|Any CPU.Build.0 = Debug|Any CPU
		{8A647424-85B9-4BFF-9919-256696266BB9}.Release|Any CPU.ActiveCfg = Release|Any CPU
		{8A647424-85B9-4BFF-9919-256696266BB9}.Release|Any CPU.Build.0 = Release|Any CPU
	EndGlobalSection
	GlobalSection(SolutionProperties) = preSolution
		HideSolutionNode = FALSE
	EndGlobalSection
	GlobalSection(ExtensibilityGlobals) = postSolution
		SolutionGuid = {610050CA-8477-42C5-9982-B21451048E84}
	EndGlobalSection
EndGlobal
